
Microsoft Visual Studio Solution File, Format Version 12.00
# Visual Studio Version 17
VisualStudioVersion = 17.4.33122.133
MinimumVisualStudioVersion = 10.0.40219.1
Project("{9A19103F-16F7-4668-BE54-9A1E7A4F7556}") = "Nagaira.Core.Extentions", "Nagaira.Core.Extensions\Nagaira.Core.Extentions.csproj", "{51C8D008-553C-4A08-A876-B0267C8FF21D}"
EndProject
Project("{9A19103F-16F7-4668-BE54-9A1E7A4F7556}") = "Nagaira.DataLayer.Core", "Nagaira.DataLayer.Core\Nagaira.DataLayer.Core.csproj", "{615FA32B-D3AF-43C6-B67C-7C42FA4DB2AB}"
EndProject
Project("{9A19103F-16F7-4668-BE54-9A1E7A4F7556}") = "Nagaira.WebApi.Utilities", "Nagaira.WebApi.Utilities\Nagaira.WebApi.Utilities.csproj", "{C3312845-DFB8-4A4A-B675-E088553CCDA9}"
EndProject
Project("{FAE04EC0-301F-11D3-BF4B-00C04F79EFBC}") = "Nagaira.Core.WebApi", "Nagaira.Core.WebApi\Nagaira.Core.WebApi.csproj", "{7EE61287-90B5-43DC-A72C-C56E0FBB8FA2}"
EndProject
Global
	GlobalSection(SolutionConfigurationPlatforms) = preSolution
		Debug|Any CPU = Debug|Any CPU
		Release|Any CPU = Release|Any CPU
	EndGlobalSection
	GlobalSection(ProjectConfigurationPlatforms) = postSolution
		{51C8D008-553C-4A08-A876-B0267C8FF21D}.Debug|Any CPU.ActiveCfg = Debug|Any CPU
		{51C8D008-553C-4A08-A876-B0267C8FF21D}.Debug|Any CPU.Build.0 = Debug|Any CPU
		{51C8D008-553C-4A08-A876-B0267C8FF21D}.Release|Any CPU.ActiveCfg = Release|Any CPU
		{51C8D008-553C-4A08-A876-B0267C8FF21D}.Release|Any CPU.Build.0 = Release|Any CPU
		{615FA32B-D3AF-43C6-B67C-7C42FA4DB2AB}.Debug|Any CPU.ActiveCfg = Debug|Any CPU
		{615FA32B-D3AF-43C6-B67C-7C42FA4DB2AB}.Debug|Any CPU.Build.0 = Debug|Any CPU
		{615FA32B-D3AF-43C6-B67C-7C42FA4DB2AB}.Release|Any CPU.ActiveCfg = Release|Any CPU
		{615FA32B-D3AF-43C6-B67C-7C42FA4DB2AB}.Release|Any CPU.Build.0 = Release|Any CPU
		{C3312845-DFB8-4A4A-B675-E088553CCDA9}.Debug|Any CPU.ActiveCfg = Debug|Any CPU
		{C3312845-DFB8-4A4A-B675-E088553CCDA9}.Debug|Any CPU.Build.0 = Debug|Any CPU
		{C3312845-DFB8-4A4A-B675-E088553CCDA9}.Release|Any CPU.ActiveCfg = Release|Any CPU
		{C3312845-DFB8-4A4A-B675-E088553CCDA9}.Release|Any CPU.Build.0 = Release|Any CPU
		{7EE61287-90B5-43DC-A72C-C56E0FBB8FA2}.Debug|Any CPU.ActiveCfg = Debug|Any CPU
		{7EE61287-90B5-43DC-A72C-C56E0FBB8FA2}.Debug|Any CPU.Build.0 = Debug|Any CPU
		{7EE61287-90B5-43DC-A72C-C56E0FBB8FA2}.Release|Any CPU.ActiveCfg = Release|Any CPU
		{7EE61287-90B5-43DC-A72C-C56E0FBB8FA2}.Release|Any CPU.Build.0 = Release|Any CPU
	EndGlobalSection
	GlobalSection(SolutionProperties) = preSolution
		HideSolutionNode = FALSE
	EndGlobalSection
	GlobalSection(ExtensibilityGlobals) = postSolution
		SolutionGuid = {A0AE0C2C-A3B2-4A05-BDE4-EAE42D761FCD}
	EndGlobalSection
EndGlobal
